// !$*UTF8*$!
{
	archiveVersion = 1;
	classes = {
	};
	objectVersion = 46;
	objects = {

/* Begin PBXBuildFile section */
		186EBD561B8C8DF80089E227 /* main.m in Sources */ = {isa = PBXBuildFile; fileRef = 186EBD551B8C8DF80089E227 /* main.m */; };
		186EBD591B8C8DF80089E227 /* AppDelegate.m in Sources */ = {isa = PBXBuildFile; fileRef = 186EBD581B8C8DF80089E227 /* AppDelegate.m */; };
		186EBD5C1B8C8DF80089E227 /* ViewController.m in Sources */ = {isa = PBXBuildFile; fileRef = 186EBD5B1B8C8DF80089E227 /* ViewController.m */; };
		186EBD5F1B8C8DF80089E227 /* Main.storyboard in Resources */ = {isa = PBXBuildFile; fileRef = 186EBD5D1B8C8DF80089E227 /* Main.storyboard */; };
		186EBD611B8C8DF80089E227 /* Images.xcassets in Resources */ = {isa = PBXBuildFile; fileRef = 186EBD601B8C8DF80089E227 /* Images.xcassets */; };
		186EBD641B8C8DF80089E227 /* LaunchScreen.xib in Resources */ = {isa = PBXBuildFile; fileRef = 186EBD621B8C8DF80089E227 /* LaunchScreen.xib */; };
		186EBD701B8C8DF80089E227 /* Tax_CalculatorTests.m in Sources */ = {isa = PBXBuildFile; fileRef = 186EBD6F1B8C8DF80089E227 /* Tax_CalculatorTests.m */; };
/* End PBXBuildFile section */

/* Begin PBXContainerItemProxy section */
		186EBD6A1B8C8DF80089E227 /* PBXContainerItemProxy */ = {
			isa = PBXContainerItemProxy;
			containerPortal = 186EBD481B8C8DF80089E227 /* Project object */;
			proxyType = 1;
			remoteGlobalIDString = 186EBD4F1B8C8DF80089E227;
			remoteInfo = "Tax Calculator";
		};
/* End PBXContainerItemProxy section */

/* Begin PBXFileReference section */
		186EBD501B8C8DF80089E227 /* Tax Calculator.app */ = {isa = PBXFileReference; explicitFileType = wrapper.application; includeInIndex = 0; path = "Tax Calculator.app"; sourceTree = BUILT_PRODUCTS_DIR; };
		186EBD541B8C8DF80089E227 /* Info.plist */ = {isa = PBXFileReference; lastKnownFileType = text.plist.xml; path = Info.plist; sourceTree = "<group>"; };
		186EBD551B8C8DF80089E227 /* main.m */ = {isa = PBXFileReference; lastKnownFileType = sourcecode.c.objc; path = main.m; sourceTree = "<group>"; };
		186EBD571B8C8DF80089E227 /* AppDelegate.h */ = {isa = PBXFileReference; lastKnownFileType = sourcecode.c.h; path = AppDelegate.h; sourceTree = "<group>"; };
		186EBD581B8C8DF80089E227 /* AppDelegate.m */ = {isa = PBXFileReference; lastKnownFileType = sourcecode.c.objc; path = AppDelegate.m; sourceTree = "<group>"; };
		186EBD5A1B8C8DF80089E227 /* ViewController.h */ = {isa = PBXFileReference; lastKnownFileType = sourcecode.c.h; path = ViewController.h; sourceTree = "<group>"; };
		186EBD5B1B8C8DF80089E227 /* ViewController.m */ = {isa = PBXFileReference; lastKnownFileType = sourcecode.c.objc; path = ViewController.m; sourceTree = "<group>"; };
		186EBD5E1B8C8DF80089E227 /* Base */ = {isa = PBXFileReference; lastKnownFileType = file.storyboard; name = Base; path = Base.lproj/Main.storyboard; sourceTree = "<group>"; };
		186EBD601B8C8DF80089E227 /* Images.xcassets */ = {isa = PBXFileReference; lastKnownFileType = folder.assetcatalog; path = Images.xcassets; sourceTree = "<group>"; };
		186EBD631B8C8DF80089E227 /* Base */ = {isa = PBXFileReference; lastKnownFileType = file.xib; name = Base; path = Base.lproj/LaunchScreen.xib; sourceTree = "<group>"; };
		186EBD691B8C8DF80089E227 /* Tax CalculatorTests.xctest */ = {isa = PBXFileReference; explicitFileType = wrapper.cfbundle; includeInIndex = 0; path = "Tax CalculatorTests.xctest"; sourceTree = BUILT_PRODUCTS_DIR; };
		186EBD6E1B8C8DF80089E227 /* Info.plist */ = {isa = PBXFileReference; lastKnownFileType = text.plist.xml; path = Info.plist; sourceTree = "<group>"; };
		186EBD6F1B8C8DF80089E227 /* Tax_CalculatorTests.m */ = {isa = PBXFileReference; lastKnownFileType = sourcecode.c.objc; path = Tax_CalculatorTests.m; sourceTree = "<group>"; };
/* End PBXFileReference section */

/* Begin PBXFrameworksBuildPhase section */
		186EBD4D1B8C8DF80089E227 /* Frameworks */ = {
			isa = PBXFrameworksBuildPhase;
			buildActionMask = 2147483647;
			files = (
			);
			runOnlyForDeploymentPostprocessing = 0;
		};
		186EBD661B8C8DF80089E227 /* Frameworks */ = {
			isa = PBXFrameworksBuildPhase;
			buildActionMask = 2147483647;
			files = (
			);
			runOnlyForDeploymentPostprocessing = 0;
		};
/* End PBXFrameworksBuildPhase section */

/* Begin PBXGroup section */
		186EBD471B8C8DF80089E227 = {
			isa = PBXGroup;
			children = (
				186EBD521B8C8DF80089E227 /* Tax Calculator */,
				186EBD6C1B8C8DF80089E227 /* Tax CalculatorTests */,
				186EBD511B8C8DF80089E227 /* Products */,
			);
			sourceTree = "<group>";
		};
		186EBD511B8C8DF80089E227 /* Products */ = {
			isa = PBXGroup;
			children = (
				186EBD501B8C8DF80089E227 /* Tax Calculator.app */,
				186EBD691B8C8DF80089E227 /* Tax CalculatorTests.xctest */,
			);
			name = Products;
			sourceTree = "<group>";
		};
		186EBD521B8C8DF80089E227 /* Tax Calculator */ = {
			isa = PBXGroup;
			children = (
				186EBD571B8C8DF80089E227 /* AppDelegate.h */,
				186EBD581B8C8DF80089E227 /* AppDelegate.m */,
				186EBD5A1B8C8DF80089E227 /* ViewController.h */,
				186EBD5B1B8C8DF80089E227 /* ViewController.m */,
				186EBD5D1B8C8DF80089E227 /* Main.storyboard */,
				186EBD601B8C8DF80089E227 /* Images.xcassets */,
				186EBD621B8C8DF80089E227 /* LaunchScreen.xib */,
				186EBD531B8C8DF80089E227 /* Supporting Files */,
			);
			path = "Tax Calculator";
			sourceTree = "<group>";
		};
		186EBD531B8C8DF80089E227 /* Supporting Files */ = {
			isa = PBXGroup;
			children = (
				186EBD541B8C8DF80089E227 /* Info.plist */,
				186EBD551B8C8DF80089E227 /* main.m */,
			);
			name = "Supporting Files";
			sourceTree = "<group>";
		};
		186EBD6C1B8C8DF80089E227 /* Tax CalculatorTests */ = {
			isa = PBXGroup;
			children = (
				186EBD6F1B8C8DF80089E227 /* Tax_CalculatorTests.m */,
				186EBD6D1B8C8DF80089E227 /* Supporting Files */,
			);
			path = "Tax CalculatorTests";
			sourceTree = "<group>";
		};
		186EBD6D1B8C8DF80089E227 /* Supporting Files */ = {
			isa = PBXGroup;
			children = (
				186EBD6E1B8C8DF80089E227 /* Info.plist */,
			);
			name = "Supporting Files";
			sourceTree = "<group>";
		};
/* End PBXGroup section */

/* Begin PBXNativeTarget section */
		186EBD4F1B8C8DF80089E227 /* Tax Calculator */ = {
			isa = PBXNativeTarget;
			buildConfigurationList = 186EBD731B8C8DF80089E227 /* Build configuration list for PBXNativeTarget "Tax Calculator" */;
			buildPhases = (
				186EBD4C1B8C8DF80089E227 /* Sources */,
				186EBD4D1B8C8DF80089E227 /* Frameworks */,
				186EBD4E1B8C8DF80089E227 /* Resources */,
			);
			buildRules = (
			);
			dependencies = (
			);
			name = "Tax Calculator";
			productName = "Tax Calculator";
			productReference = 186EBD501B8C8DF80089E227 /* Tax Calculator.app */;
			productType = "com.apple.product-type.application";
		};
		186EBD681B8C8DF80089E227 /* Tax CalculatorTests */ = {
			isa = PBXNativeTarget;
			buildConfigurationList = 186EBD761B8C8DF80089E227 /* Build configuration list for PBXNativeTarget "Tax CalculatorTests" */;
			buildPhases = (
				186EBD651B8C8DF80089E227 /* Sources */,
				186EBD661B8C8DF80089E227 /* Frameworks */,
				186EBD671B8C8DF80089E227 /* Resources */,
			);
			buildRules = (
			);
			dependencies = (
				186EBD6B1B8C8DF80089E227 /* PBXTargetDependency */,
			);
			name = "Tax CalculatorTests";
			productName = "Tax CalculatorTests";
			productReference = 186EBD691B8C8DF80089E227 /* Tax CalculatorTests.xctest */;
			productType = "com.apple.product-type.bundle.unit-test";
		};
/* End PBXNativeTarget section */

/* Begin PBXProject section */
		186EBD481B8C8DF80089E227 /* Project object */ = {
			isa = PBXProject;
			attributes = {
				LastUpgradeCheck = 0640;
				ORGANIZATIONNAME = ANDREY;
				TargetAttributes = {
					186EBD4F1B8C8DF80089E227 = {
						CreatedOnToolsVersion = 6.4;
					};
					186EBD681B8C8DF80089E227 = {
						CreatedOnToolsVersion = 6.4;
						TestTargetID = 186EBD4F1B8C8DF80089E227;
					};
				};
			};
			buildConfigurationList = 186EBD4B1B8C8DF80089E227 /* Build configuration list for PBXProject "Tax Calculator" */;
			compatibilityVersion = "Xcode 3.2";
			developmentRegion = English;
			hasScannedForEncodings = 0;
			knownRegions = (
				en,
				Base,
			);
			mainGroup = 186EBD471B8C8DF80089E227;
			productRefGroup = 186EBD511B8C8DF80089E227 /* Products */;
			projectDirPath = "";
			projectRoot = "";
			targets = (
				186EBD4F1B8C8DF80089E227 /* Tax Calculator */,
				186EBD681B8C8DF80089E227 /* Tax CalculatorTests */,
			);
		};
/* End PBXProject section */

/* Begin PBXResourcesBuildPhase section */
		186EBD4E1B8C8DF80089E227 /* Resources */ = {
			isa = PBXResourcesBuildPhase;
			buildActionMask = 2147483647;
			files = (
				186EBD5F1B8C8DF80089E227 /* Main.storyboard in Resources */,
				186EBD641B8C8DF80089E227 /* LaunchScreen.xib in Resources */,
				186EBD611B8C8DF80089E227 /* Images.xcassets in Resources */,
			);
			runOnlyForDeploymentPostprocessing = 0;
		};
		186EBD671B8C8DF80089E227 /* Resources */ = {
			isa = PBXResourcesBuildPhase;
			buildActionMask = 2147483647;
			files = (
			);
			runOnlyForDeploymentPostprocessing = 0;
		};
/* End PBXResourcesBuildPhase section */

/* Begin PBXSourcesBuildPhase section */
		186EBD4C1B8C8DF80089E227 /* Sources */ = {
			isa = PBXSourcesBuildPhase;
			buildActionMask = 2147483647;
			files = (
				186EBD5C1B8C8DF80089E227 /* ViewController.m in Sources */,
				186EBD591B8C8DF80089E227 /* AppDelegate.m in Sources */,
				186EBD561B8C8DF80089E227 /* main.m in Sources */,
			);
			runOnlyForDeploymentPostprocessing = 0;
		};
		186EBD651B8C8DF80089E227 /* Sources */ = {
			isa = PBXSourcesBuildPhase;
			buildActionMask = 2147483647;
			files = (
				186EBD701B8C8DF80089E227 /* Tax_CalculatorTests.m in Sources */,
			);
			runOnlyForDeploymentPostprocessing = 0;
		};
/* End PBXSourcesBuildPhase section */

/* Begin PBXTargetDependency section */
		186EBD6B1B8C8DF80089E227 /* PBXTargetDependency */ = {
			isa = PBXTargetDependency;
			target = 186EBD4F1B8C8DF80089E227 /* Tax Calculator */;
			targetProxy = 186EBD6A1B8C8DF80089E227 /* PBXContainerItemProxy */;
		};
/* End PBXTargetDependency section */

/* Begin PBXVariantGroup section */
		186EBD5D1B8C8DF80089E227 /* Main.storyboard */ = {
			isa = PBXVariantGroup;
			children = (
				186EBD5E1B8C8DF80089E227 /* Base */,
			);
			name = Main.storyboard;
			sourceTree = "<group>";
		};
		186EBD621B8C8DF80089E227 /* LaunchScreen.xib */ = {
			isa = PBXVariantGroup;
			children = (
				186EBD631B8C8DF80089E227 /* Base */,
			);
			name = LaunchScreen.xib;
			sourceTree = "<group>";
		};
/* End PBXVariantGroup section */

/* Begin XCBuildConfiguration section */
		186EBD711B8C8DF80089E227 /* Debug */ = {
			isa = XCBuildConfiguration;
			buildSettings = {
				ALWAYS_SEARCH_USER_PATHS = NO;
				CLANG_CXX_LANGUAGE_STANDARD = "gnu++0x";
				CLANG_CXX_LIBRARY = "libc++";
				CLANG_ENABLE_MODULES = YES;
				CLANG_ENABLE_OBJC_ARC = YES;
				CLANG_WARN_BOOL_CONVERSION = YES;
				CLANG_WARN_CONSTANT_CONVERSION = YES;
				CLANG_WARN_DIRECT_OBJC_ISA_USAGE = YES_ERROR;
				CLANG_WARN_EMPTY_BODY = YES;
				CLANG_WARN_ENUM_CONVERSION = YES;
				CLANG_WARN_INT_CONVERSION = YES;
				CLANG_WARN_OBJC_ROOT_CLASS = YES_ERROR;
				CLANG_WARN_UNREACHABLE_CODE = YES;
				CLANG_WARN__DUPLICATE_METHOD_MATCH = YES;
				"CODE_SIGN_IDENTITY[sdk=iphoneos*]" = "iPhone Developer";
				COPY_PHASE_STRIP = NO;
				DEBUG_INFORMATION_FORMAT = "dwarf-with-dsym";
				ENABLE_STRICT_OBJC_MSGSEND = YES;
				GCC_C_LANGUAGE_STANDARD = gnu99;
				GCC_DYNAMIC_NO_PIC = NO;
				GCC_NO_COMMON_BLOCKS = YES;
				GCC_OPTIMIZATION_LEVEL = 0;
				GCC_PREPROCESSOR_DEFINITIONS = (
					"DEBUG=1",
					"$(inherited)",
				);
				GCC_SYMBOLS_PRIVATE_EXTERN = NO;
				GCC_WARN_64_TO_32_BIT_CONVERSION = YES;
				GCC_WARN_ABOUT_RETURN_TYPE = YES_ERROR;
				GCC_WARN_UNDECLARED_SELECTOR = YES;
				GCC_WARN_UNINITIALIZED_AUTOS = YES_AGGRESSIVE;
				GCC_WARN_UNUSED_FUNCTION = YES;
				GCC_WARN_UNUSED_VARIABLE = YES;
				IPHONEOS_DEPLOYMENT_TARGET = 8.4;
				MTL_ENABLE_DEBUG_INFO = YES;
				ONLY_ACTIVE_ARCH = YES;
				SDKROOT = iphoneos;
				TARGETED_DEVICE_FAMILY = "1,2";
			};
			name = Debug;
		};
		186EBD721B8C8DF80089E227 /* Release */ = {
			isa = XCBuildConfiguration;
			buildSettings = {
				ALWAYS_SEARCH_USER_PATHS = NO;
				CLANG_CXX_LANGUAGE_STANDARD = "gnu++0x";
				CLANG_CXX_LIBRARY = "libc++";
				CLANG_ENABLE_MODULES = YES;
				CLANG_ENABLE_OBJC_ARC = YES;
				CLANG_WARN_BOOL_CONVERSION = YES;
				CLANG_WARN_CONSTANT_CONVERSION = YES;
				CLANG_WARN_DIRECT_OBJC_ISA_USAGE = YES_ERROR;
				CLANG_WARN_EMPTY_BODY = YES;
				CLANG_WARN_ENUM_CONVERSION = YES;
				CLANG_WARN_INT_CONVERSION = YES;
				CLANG_WARN_OBJC_ROOT_CLASS = YES_ERROR;
				CLANG_WARN_UNREACHABLE_CODE = YES;
				CLANG_WARN__DUPLICATE_METHOD_MATCH = YES;
				"CODE_SIGN_IDENTITY[sdk=iphoneos*]" = "iPhone Developer";
				COPY_PHASE_STRIP = NO;
				DEBUG_INFORMATION_FORMAT = "dwarf-with-dsym";
				ENABLE_NS_ASSERTIONS = NO;
				ENABLE_STRICT_OBJC_MSGSEND = YES;
				GCC_C_LANGUAGE_STANDARD = gnu99;
				GCC_NO_COMMON_BLOCKS = YES;
				GCC_WARN_64_TO_32_BIT_CONVERSION = YES;
				GCC_WARN_ABOUT_RETURN_TYPE = YES_ERROR;
				GCC_WARN_UNDECLARED_SELECTOR = YES;
				GCC_WARN_UNINITIALIZED_AUTOS = YES_AGGRESSIVE;
				GCC_WARN_UNUSED_FUNCTION = YES;
				GCC_WARN_UNUSED_VARIABLE = YES;
				IPHONEOS_DEPLOYMENT_TARGET = 8.4;
				MTL_ENABLE_DEBUG_INFO = NO;
				SDKROOT = iphoneos;
				TARGETED_DEVICE_FAMILY = "1,2";
				VALIDATE_PRODUCT = YES;
			};
			name = Release;
		};
		186EBD741B8C8DF80089E227 /* Debug */ = {
			isa = XCBuildConfiguration;
			buildSettings = {
				ASSETCATALOG_COMPILER_APPICON_NAME = AppIcon;
				INFOPLIST_FILE = "Tax Calculator/Info.plist";
				LD_RUNPATH_SEARCH_PATHS = "$(inherited) @executable_path/Frameworks";
				PRODUCT_NAME = "$(TARGET_NAME)";
			};
			name = Debug;
		};
		186EBD751B8C8DF80089E227 /* Release */ = {
			isa = XCBuildConfiguration;
			buildSettings = {
				ASSETCATALOG_COMPILER_APPICON_NAME = AppIcon;
				INFOPLIST_FILE = "Tax Calculator/Info.plist";
				LD_RUNPATH_SEARCH_PATHS = "$(inherited) @executable_path/Frameworks";
				PRODUCT_NAME = "$(TARGET_NAME)";
			};
			name = Release;
		};
		186EBD771B8C8DF80089E227 /* Debug */ = {
			isa = XCBuildConfiguration;
			buildSettings = {
				BUNDLE_LOADER = "$(TEST_HOST)";
				FRAMEWORK_SEARCH_PATHS = (
					"$(SDKROOT)/Developer/Library/Frameworks",
					"$(inherited)",
				);
				GCC_PREPROCESSOR_DEFINITIONS = (
					"DEBUG=1",
					"$(inherited)",
				);
				INFOPLIST_FILE = "Tax CalculatorTests/Info.plist";
				LD_RUNPATH_SEARCH_PATHS = "$(inherited) @executable_path/Frameworks @loader_path/Frameworks";
				PRODUCT_NAME = "$(TARGET_NAME)";
				TEST_HOST = "$(BUILT_PRODUCTS_DIR)/Tax Calculator.app/Tax Calculator";
			};
			name = Debug;
		};
		186EBD781B8C8DF80089E227 /* Release */ = {
			isa = XCBuildConfiguration;
			buildSettings = {
				BUNDLE_LOADER = "$(TEST_HOST)";
				FRAMEWORK_SEARCH_PATHS = (
					"$(SDKROOT)/Developer/Library/Frameworks",
					"$(inherited)",
				);
				INFOPLIST_FILE = "Tax CalculatorTests/Info.plist";
				LD_RUNPATH_SEARCH_PATHS = "$(inherited) @executable_path/Frameworks @loader_path/Frameworks";
				PRODUCT_NAME = "$(TARGET_NAME)";
				TEST_HOST = "$(BUILT_PRODUCTS_DIR)/Tax Calculator.app/Tax Calculator";
			};
			name = Release;
		};
/* End XCBuildConfiguration section */

/* Begin XCConfigurationList section */
		186EBD4B1B8C8DF80089E227 /* Build configuration list for PBXProject "Tax Calculator" */ = {
			isa = XCConfigurationList;
			buildConfigurations = (
				186EBD711B8C8DF80089E227 /* Debug */,
				186EBD721B8C8DF80089E227 /* Release */,
			);
			defaultConfigurationIsVisible = 0;
			defaultConfigurationName = Release;
		};
		186EBD731B8C8DF80089E227 /* Build configuration list for PBXNativeTarget "Tax Calculator" */ = {
			isa = XCConfigurationList;
			buildConfigurations = (
				186EBD741B8C8DF80089E227 /* Debug */,
				186EBD751B8C8DF80089E227 /* Release */,
			);
			defaultConfigurationIsVisible = 0;
		};
		186EBD761B8C8DF80089E227 /* Build configuration list for PBXNativeTarget "Tax CalculatorTests" */ = {
			isa = XCConfigurationList;
			buildConfigurations = (
				186EBD771B8C8DF80089E227 /* Debug */,
				186EBD781B8C8DF80089E227 /* Release */,
			);
			defaultConfigurationIsVisible = 0;
		};
/* End XCConfigurationList section */
	};
	rootObject = 186EBD481B8C8DF80089E227 /* Project object */;
}
